github.com/google/go-cmp v0.5.9 h1:O2Tfq5qg4qc4AmwVlvv0oLiVAGB7enBSJ2x2DqQFi38=
github.com/google/go-cmp v0.5.9/go.mod h1:17dUlkBOakJ0+DkrSSNjCkIjxS6bF9zb3elmeNGIjoY=
github.com/influxdata/influxdb v1.11.5 h1:+em5VOl6lhAZubXj5o6SobCwvrRs3XDlBx/MUI4schI=
github.com/influxdata/influxdb v1.11.5/go.mod h1:k8sWREQl1/9t46VrkrH5adUM4UNGIt206ipO3plbkw8=
github.com/liujiawm/graphics-go v0.0.0-20200331105750-879216a3393f h1:lJQL5KVEmHtK7HlwLW3IE3gabnGpybQnCWp/EXBog8M=
github.com/liujiawm/graphics-go v0.0.0-20200331105750-879216a3393f/go.mod h1:E0n/KirZ2EH6BhBRp+oN6TPeiFmgOMyP6lbM9mHAJjU=
github.com/pkg/errors v0.9.1 h1:FEBLx1zS214owpjy7qsBeixbURkuhQAwrK5UwLGTwt4=
github.com/pkg/errors v0.9.1/go.mod h1:bwawxfHBFNV+L2hUp1rHADufV3IMtnDRdf1r5NINEl0=
github.com/tevjef/go-runtime-metrics v0.0.0-20170326170900-527a54029307 h1:gfHmITmROhuSzCe1+/zYncE940TURIlOGCQCwfuP6jM=
github.com/tevjef/go-runtime-metrics v0.0.0-20170326170900-527a54029307/go.mod h1:DUsG+nVLc17b0zOGba8MjqDv/ZKYJHD83hIX042cuKw=
